// !$*UTF8*$!
{
	archiveVersion = 1;
	classes = {
	};
	objectVersion = 50;
	objects = {

/* Begin PBXBuildFile section */
		B60B8D462552FF3500F097D1 /* DJIFlyZoneInformation+DUXBetaFlyZoneInformation.m in Sources */ = {isa = PBXBuildFile; fileRef = B60B8D442552FF3500F097D1 /* DJIFlyZoneInformation+DUXBetaFlyZoneInformation.m */; };
		B60B8D472552FF3500F097D1 /* DJIFlyZoneInformation+DUXBetaFlyZoneInformation.h in Headers */ = {isa = PBXBuildFile; fileRef = B60B8D452552FF3500F097D1 /* DJIFlyZoneInformation+DUXBetaFlyZoneInformation.h */; settings = {ATTRIBUTES = (Public, ); }; };
		B60B8D4C2552FF5200F097D1 /* NSString+DUXBetaStrings.m in Sources */ = {isa = PBXBuildFile; fileRef = B60B8D4A2552FF5200F097D1 /* NSString+DUXBetaStrings.m */; };
		B60B8D4D2552FF5200F097D1 /* NSString+DUXBetaStrings.h in Headers */ = {isa = PBXBuildFile; fileRef = B60B8D4B2552FF5200F097D1 /* NSString+DUXBetaStrings.h */; settings = {ATTRIBUTES = (Public, ); }; };
		B60B8D5B2552FF6600F097D1 /* DUXBetaMapHomeAnnotation.h in Headers */ = {isa = PBXBuildFile; fileRef = B60B8D4F2552FF6500F097D1 /* DUXBetaMapHomeAnnotation.h */; settings = {ATTRIBUTES = (Public, ); }; };
		B60B8D5C2552FF6600F097D1 /* DUXBetaAnnotationProvider.h in Headers */ = {isa = PBXBuildFile; fileRef = B60B8D502552FF6500F097D1 /* DUXBetaAnnotationProvider.h */; settings = {ATTRIBUTES = (Public, ); }; };
		B60B8D5D2552FF6600F097D1 /* DUXBetaMapHomeAnnotation.m in Sources */ = {isa = PBXBuildFile; fileRef = B60B8D512552FF6500F097D1 /* DUXBetaMapHomeAnnotation.m */; };
		B60B8D5E2552FF6600F097D1 /* DUXBetaMapNoFlyZoneAnnotation.h in Headers */ = {isa = PBXBuildFile; fileRef = B60B8D522552FF6500F097D1 /* DUXBetaMapNoFlyZoneAnnotation.h */; settings = {ATTRIBUTES = (Public, ); }; };
		B60B8D5F2552FF6600F097D1 /* DUXBetaMapSubFlyZoneAnnotation.h in Headers */ = {isa = PBXBuildFile; fileRef = B60B8D532552FF6500F097D1 /* DUXBetaMapSubFlyZoneAnnotation.h */; settings = {ATTRIBUTES = (Public, ); }; };
		B60B8D602552FF6600F097D1 /* DUXBetaMapAircraftAnnotation.m in Sources */ = {isa = PBXBuildFile; fileRef = B60B8D542552FF6500F097D1 /* DUXBetaMapAircraftAnnotation.m */; };
		B60B8D612552FF6600F097D1 /* DUXBetaAnnotationProvider.m in Sources */ = {isa = PBXBuildFile; fileRef = B60B8D552552FF6600F097D1 /* DUXBetaAnnotationProvider.m */; };
		B60B8D622552FF6600F097D1 /* DUXBetaMapGeoZoneAnnotation.h in Headers */ = {isa = PBXBuildFile; fileRef = B60B8D562552FF6600F097D1 /* DUXBetaMapGeoZoneAnnotation.h */; settings = {ATTRIBUTES = (Public, ); }; };
		B60B8D632552FF6600F097D1 /* DUXBetaMapGeoZoneAnnotation.m in Sources */ = {isa = PBXBuildFile; fileRef = B60B8D572552FF6600F097D1 /* DUXBetaMapGeoZoneAnnotation.m */; };
		B60B8D642552FF6600F097D1 /* DUXBetaMapNoFlyZoneAnnotation.m in Sources */ = {isa = PBXBuildFile; fileRef = B60B8D582552FF6600F097D1 /* DUXBetaMapNoFlyZoneAnnotation.m */; };
		B60B8D652552FF6600F097D1 /* DUXBetaMapSubFlyZoneAnnotation.m in Sources */ = {isa = PBXBuildFile; fileRef = B60B8D592552FF6600F097D1 /* DUXBetaMapSubFlyZoneAnnotation.m */; };
		B60B8D662552FF6600F097D1 /* DUXBetaMapAircraftAnnotation.h in Headers */ = {isa = PBXBuildFile; fileRef = B60B8D5A2552FF6600F097D1 /* DUXBetaMapAircraftAnnotation.h */; settings = {ATTRIBUTES = (Public, ); }; };
		B60B8D702552FF7600F097D1 /* DUXBetaFlyZoneDataProviderModel.m in Sources */ = {isa = PBXBuildFile; fileRef = B60B8D672552FF7500F097D1 /* DUXBetaFlyZoneDataProviderModel.m */; };
		B60B8D712552FF7600F097D1 /* DUXBetaFlyZoneDataProviderModel.h in Headers */ = {isa = PBXBuildFile; fileRef = B60B8D682552FF7500F097D1 /* DUXBetaFlyZoneDataProviderModel.h */; settings = {ATTRIBUTES = (Public, ); }; };
		B60B8D722552FF7600F097D1 /* DUXBetaFlyZoneDataProvider.m in Sources */ = {isa = PBXBuildFile; fileRef = B60B8D692552FF7500F097D1 /* DUXBetaFlyZoneDataProvider.m */; };
		B60B8D732552FF7600F097D1 /* DUXBetaMapWidget_Protected.h in Headers */ = {isa = PBXBuildFile; fileRef = B60B8D6A2552FF7500F097D1 /* DUXBetaMapWidget_Protected.h */; settings = {ATTRIBUTES = (Public, ); }; };
		B60B8D742552FF7600F097D1 /* DUXBetaMapWidget.m in Sources */ = {isa = PBXBuildFile; fileRef = B60B8D6B2552FF7500F097D1 /* DUXBetaMapWidget.m */; };
		B60B8D752552FF7600F097D1 /* DUXBetaMapWidgetModel.m in Sources */ = {isa = PBXBuildFile; fileRef = B60B8D6C2552FF7500F097D1 /* DUXBetaMapWidgetModel.m */; };
		B60B8D762552FF7600F097D1 /* DUXBetaMapWidgetModel.h in Headers */ = {isa = PBXBuildFile; fileRef = B60B8D6D2552FF7600F097D1 /* DUXBetaMapWidgetModel.h */; settings = {ATTRIBUTES = (Public, ); }; };
		B60B8D772552FF7600F097D1 /* DUXBetaFlyZoneDataProvider.h in Headers */ = {isa = PBXBuildFile; fileRef = B60B8D6E2552FF7600F097D1 /* DUXBetaFlyZoneDataProvider.h */; settings = {ATTRIBUTES = (Public, ); }; };
		B60B8D782552FF7600F097D1 /* DUXBetaMapWidget.h in Headers */ = {isa = PBXBuildFile; fileRef = B60B8D6F2552FF7600F097D1 /* DUXBetaMapWidget.h */; settings = {ATTRIBUTES = (Public, ); }; };
		B60B8D872552FF8700F097D1 /* DUXBetaMapViewRenderer.h in Headers */ = {isa = PBXBuildFile; fileRef = B60B8D792552FF8600F097D1 /* DUXBetaMapViewRenderer.h */; settings = {ATTRIBUTES = (Public, ); }; };
		B60B8D882552FF8700F097D1 /* DUXBetaMapAircraftAnnotationView.m in Sources */ = {isa = PBXBuildFile; fileRef = B60B8D7A2552FF8600F097D1 /* DUXBetaMapAircraftAnnotationView.m */; };
		B60B8D892552FF8700F097D1 /* DUXBetaFlyZoneAnnotationView.m in Sources */ = {isa = PBXBuildFile; fileRef = B60B8D7B2552FF8600F097D1 /* DUXBetaFlyZoneAnnotationView.m */; };
		B60B8D8A2552FF8700F097D1 /* DUXBetaMapView.m in Sources */ = {isa = PBXBuildFile; fileRef = B60B8D7C2552FF8600F097D1 /* DUXBetaMapView.m */; };
		B60B8D8B2552FF8700F097D1 /* DUXBetaMapTriangleView.m in Sources */ = {isa = PBXBuildFile; fileRef = B60B8D7D2552FF8600F097D1 /* DUXBetaMapTriangleView.m */; };
		B60B8D8C2552FF8700F097D1 /* DUXBetaMapViewLegendViewController.h in Headers */ = {isa = PBXBuildFile; fileRef = B60B8D7E2552FF8600F097D1 /* DUXBetaMapViewLegendViewController.h */; settings = {ATTRIBUTES = (Public, ); }; };
		B60B8D8D2552FF8700F097D1 /* DUXBetaMapAircraftAnnotationView.h in Headers */ = {isa = PBXBuildFile; fileRef = B60B8D7F2552FF8600F097D1 /* DUXBetaMapAircraftAnnotationView.h */; settings = {ATTRIBUTES = (Public, ); }; };
		B60B8D8E2552FF8700F097D1 /* DUXBetaMapView.h in Headers */ = {isa = PBXBuildFile; fileRef = B60B8D802552FF8600F097D1 /* DUXBetaMapView.h */; settings = {ATTRIBUTES = (Public, ); }; };
		B60B8D8F2552FF8700F097D1 /* DUXBetaMapTriangleView.h in Headers */ = {isa = PBXBuildFile; fileRef = B60B8D812552FF8600F097D1 /* DUXBetaMapTriangleView.h */; settings = {ATTRIBUTES = (Public, ); }; };
		B60B8D902552FF8700F097D1 /* DUXBetaMapHomeAnnotationView.m in Sources */ = {isa = PBXBuildFile; fileRef = B60B8D822552FF8700F097D1 /* DUXBetaMapHomeAnnotationView.m */; };
		B60B8D912552FF8700F097D1 /* DUXBetaFlyZoneAnnotationView.h in Headers */ = {isa = PBXBuildFile; fileRef = B60B8D832552FF8700F097D1 /* DUXBetaFlyZoneAnnotationView.h */; settings = {ATTRIBUTES = (Public, ); }; };
		B60B8D922552FF8700F097D1 /* DUXBetaMapHomeAnnotationView.h in Headers */ = {isa = PBXBuildFile; fileRef = B60B8D842552FF8700F097D1 /* DUXBetaMapHomeAnnotationView.h */; settings = {ATTRIBUTES = (Public, ); }; };
		B60B8D932552FF8700F097D1 /* DUXBetaMapViewRenderer.m in Sources */ = {isa = PBXBuildFile; fileRef = B60B8D852552FF8700F097D1 /* DUXBetaMapViewRenderer.m */; };
		B60B8D942552FF8700F097D1 /* DUXBetaMapViewLegendViewController.m in Sources */ = {isa = PBXBuildFile; fileRef = B60B8D862552FF8700F097D1 /* DUXBetaMapViewLegendViewController.m */; };
		B60B8D9D2552FF9600F097D1 /* DUXBetaOverlayProvider.h in Headers */ = {isa = PBXBuildFile; fileRef = B60B8D952552FF9500F097D1 /* DUXBetaOverlayProvider.h */; settings = {ATTRIBUTES = (Public, ); }; };
		B60B8D9E2552FF9600F097D1 /* DUXBetaMapFlyZoneCircleOverlay.m in Sources */ = {isa = PBXBuildFile; fileRef = B60B8D962552FF9500F097D1 /* DUXBetaMapFlyZoneCircleOverlay.m */; };
		B60B8D9F2552FF9600F097D1 /* DUXBetaMapPolylineOverlay.m in Sources */ = {isa = PBXBuildFile; fileRef = B60B8D972552FF9500F097D1 /* DUXBetaMapPolylineOverlay.m */; };
		B60B8DA02552FF9600F097D1 /* DUXBetaMapPolylineOverlay.h in Headers */ = {isa = PBXBuildFile; fileRef = B60B8D982552FF9500F097D1 /* DUXBetaMapPolylineOverlay.h */; settings = {ATTRIBUTES = (Public, ); }; };
		B60B8DA12552FF9600F097D1 /* DUXBetaMapSubFlyZonePolygonOverlay.m in Sources */ = {isa = PBXBuildFile; fileRef = B60B8D992552FF9600F097D1 /* DUXBetaMapSubFlyZonePolygonOverlay.m */; };
		B60B8DA22552FF9600F097D1 /* DUXBetaOverlayProvider.m in Sources */ = {isa = PBXBuildFile; fileRef = B60B8D9A2552FF9600F097D1 /* DUXBetaOverlayProvider.m */; };
		B60B8DA32552FF9600F097D1 /* DUXBetaMapSubFlyZonePolygonOverlay.h in Headers */ = {isa = PBXBuildFile; fileRef = B60B8D9B2552FF9600F097D1 /* DUXBetaMapSubFlyZonePolygonOverlay.h */; settings = {ATTRIBUTES = (Public, ); }; };
		B60B8DA42552FF9600F097D1 /* DUXBetaMapFlyZoneCircleOverlay.h in Headers */ = {isa = PBXBuildFile; fileRef = B60B8D9C2552FF9600F097D1 /* DUXBetaMapFlyZoneCircleOverlay.h */; settings = {ATTRIBUTES = (Public, ); }; };
		B6D19D4C24ED8ECA00737526 /* UXSDKMap.h in Headers */ = {isa = PBXBuildFile; fileRef = B6D19D4A24ED8ECA00737526 /* UXSDKMap.h */; settings = {ATTRIBUTES = (Public, ); }; };
		B6D19D8424ED8F9C00737526 /* UXSDKMap.xcassets in Resources */ = {isa = PBXBuildFile; fileRef = B6D19D5324ED8F9C00737526 /* UXSDKMap.xcassets */; };
		B6D19DB224ED8FF300737526 /* UXSDKCore.framework in Frameworks */ = {isa = PBXBuildFile; fileRef = B6D19DB124ED8FF300737526 /* UXSDKCore.framework */; };
		BEFBB0D5BF842EC71C060C91 /* Pods_UXSDKMap.framework in Frameworks */ = {isa = PBXBuildFile; fileRef = FDE83BE86CB3F745893A3B6B /* Pods_UXSDKMap.framework */; };
/* End PBXBuildFile section */

/* Begin PBXFileReference section */
		06CF3EE34A880F5B62229C05 /* Pods-UXSDKMap.debug.xcconfig */ = {isa = PBXFileReference; includeInIndex = 1; lastKnownFileType = text.xcconfig; name = "Pods-UXSDKMap.debug.xcconfig"; path = "Target Support Files/Pods-UXSDKMap/Pods-UXSDKMap.debug.xcconfig"; sourceTree = "<group>"; };
		0BB6983E471800B17FAC073D /* Pods-UXSDKMap.release.xcconfig */ = {isa = PBXFileReference; includeInIndex = 1; lastKnownFileType = text.xcconfig; name = "Pods-UXSDKMap.release.xcconfig"; path = "Target Support Files/Pods-UXSDKMap/Pods-UXSDKMap.release.xcconfig"; sourceTree = "<group>"; };
		B60B8D442552FF3500F097D1 /* DJIFlyZoneInformation+DUXBetaFlyZoneInformation.m */ = {isa = PBXFileReference; fileEncoding = 4; lastKnownFileType = sourcecode.c.objc; path = "DJIFlyZoneInformation+DUXBetaFlyZoneInformation.m"; sourceTree = "<group>"; };
		B60B8D452552FF3500F097D1 /* DJIFlyZoneInformation+DUXBetaFlyZoneInformation.h */ = {isa = PBXFileReference; fileEncoding = 4; lastKnownFileType = sourcecode.c.h; path = "DJIFlyZoneInformation+DUXBetaFlyZoneInformation.h"; sourceTree = "<group>"; };
		B60B8D4A2552FF5200F097D1 /* NSString+DUXBetaStrings.m */ = {isa = PBXFileReference; fileEncoding = 4; lastKnownFileType = sourcecode.c.objc; path = "NSString+DUXBetaStrings.m"; sourceTree = "<group>"; };
		B60B8D4B2552FF5200F097D1 /* NSString+DUXBetaStrings.h */ = {isa = PBXFileReference; fileEncoding = 4; lastKnownFileType = sourcecode.c.h; path = "NSString+DUXBetaStrings.h"; sourceTree = "<group>"; };
		B60B8D4F2552FF6500F097D1 /* DUXBetaMapHomeAnnotation.h */ = {isa = PBXFileReference; fileEncoding = 4; lastKnownFileType = sourcecode.c.h; path = DUXBetaMapHomeAnnotation.h; sourceTree = "<group>"; };
		B60B8D502552FF6500F097D1 /* DUXBetaAnnotationProvider.h */ = {isa = PBXFileReference; fileEncoding = 4; lastKnownFileType = sourcecode.c.h; path = DUXBetaAnnotationProvider.h; sourceTree = "<group>"; };
		B60B8D512552FF6500F097D1 /* DUXBetaMapHomeAnnotation.m */ = {isa = PBXFileReference; fileEncoding = 4; lastKnownFileType = sourcecode.c.objc; path = DUXBetaMapHomeAnnotation.m; sourceTree = "<group>"; };
		B60B8D522552FF6500F097D1 /* DUXBetaMapNoFlyZoneAnnotation.h */ = {isa = PBXFileReference; fileEncoding = 4; lastKnownFileType = sourcecode.c.h; path = DUXBetaMapNoFlyZoneAnnotation.h; sourceTree = "<group>"; };
		B60B8D532552FF6500F097D1 /* DUXBetaMapSubFlyZoneAnnotation.h */ = {isa = PBXFileReference; fileEncoding = 4; lastKnownFileType = sourcecode.c.h; path = DUXBetaMapSubFlyZoneAnnotation.h; sourceTree = "<group>"; };
		B60B8D542552FF6500F097D1 /* DUXBetaMapAircraftAnnotation.m */ = {isa = PBXFileReference; fileEncoding = 4; lastKnownFileType = sourcecode.c.objc; path = DUXBetaMapAircraftAnnotation.m; sourceTree = "<group>"; };
		B60B8D552552FF6600F097D1 /* DUXBetaAnnotationProvider.m */ = {isa = PBXFileReference; fileEncoding = 4; lastKnownFileType = sourcecode.c.objc; path = DUXBetaAnnotationProvider.m; sourceTree = "<group>"; };
		B60B8D562552FF6600F097D1 /* DUXBetaMapGeoZoneAnnotation.h */ = {isa = PBXFileReference; fileEncoding = 4; lastKnownFileType = sourcecode.c.h; path = DUXBetaMapGeoZoneAnnotation.h; sourceTree = "<group>"; };
		B60B8D572552FF6600F097D1 /* DUXBetaMapGeoZoneAnnotation.m */ = {isa = PBXFileReference; fileEncoding = 4; lastKnownFileType = sourcecode.c.objc; path = DUXBetaMapGeoZoneAnnotation.m; sourceTree = "<group>"; };
		B60B8D582552FF6600F097D1 /* DUXBetaMapNoFlyZoneAnnotation.m */ = {isa = PBXFileReference; fileEncoding = 4; lastKnownFileType = sourcecode.c.objc; path = DUXBetaMapNoFlyZoneAnnotation.m; sourceTree = "<group>"; };
		B60B8D592552FF6600F097D1 /* DUXBetaMapSubFlyZoneAnnotation.m */ = {isa = PBXFileReference; fileEncoding = 4; lastKnownFileType = sourcecode.c.objc; path = DUXBetaMapSubFlyZoneAnnotation.m; sourceTree = "<group>"; };
		B60B8D5A2552FF6600F097D1 /* DUXBetaMapAircraftAnnotation.h */ = {isa = PBXFileReference; fileEncoding = 4; lastKnownFileType = sourcecode.c.h; path = DUXBetaMapAircraftAnnotation.h; sourceTree = "<group>"; };
		B60B8D672552FF7500F097D1 /* DUXBetaFlyZoneDataProviderModel.m */ = {isa = PBXFileReference; fileEncoding = 4; lastKnownFileType = sourcecode.c.objc; path = DUXBetaFlyZoneDataProviderModel.m; sourceTree = "<group>"; };
		B60B8D682552FF7500F097D1 /* DUXBetaFlyZoneDataProviderModel.h */ = {isa = PBXFileReference; fileEncoding = 4; lastKnownFileType = sourcecode.c.h; path = DUXBetaFlyZoneDataProviderModel.h; sourceTree = "<group>"; };
		B60B8D692552FF7500F097D1 /* DUXBetaFlyZoneDataProvider.m */ = {isa = PBXFileReference; fileEncoding = 4; lastKnownFileType = sourcecode.c.objc; path = DUXBetaFlyZoneDataProvider.m; sourceTree = "<group>"; };
		B60B8D6A2552FF7500F097D1 /* DUXBetaMapWidget_Protected.h */ = {isa = PBXFileReference; fileEncoding = 4; lastKnownFileType = sourcecode.c.h; path = DUXBetaMapWidget_Protected.h; sourceTree = "<group>"; };
		B60B8D6B2552FF7500F097D1 /* DUXBetaMapWidget.m */ = {isa = PBXFileReference; fileEncoding = 4; lastKnownFileType = sourcecode.c.objc; path = DUXBetaMapWidget.m; sourceTree = "<group>"; };
		B60B8D6C2552FF7500F097D1 /* DUXBetaMapWidgetModel.m */ = {isa = PBXFileReference; fileEncoding = 4; lastKnownFileType = sourcecode.c.objc; path = DUXBetaMapWidgetModel.m; sourceTree = "<group>"; };
		B60B8D6D2552FF7600F097D1 /* DUXBetaMapWidgetModel.h */ = {isa = PBXFileReference; fileEncoding = 4; lastKnownFileType = sourcecode.c.h; path = DUXBetaMapWidgetModel.h; sourceTree = "<group>"; };
		B60B8D6E2552FF7600F097D1 /* DUXBetaFlyZoneDataProvider.h */ = {isa = PBXFileReference; fileEncoding = 4; lastKnownFileType = sourcecode.c.h; path = DUXBetaFlyZoneDataProvider.h; sourceTree = "<group>"; };
		B60B8D6F2552FF7600F097D1 /* DUXBetaMapWidget.h */ = {isa = PBXFileReference; fileEncoding = 4; lastKnownFileType = sourcecode.c.h; path = DUXBetaMapWidget.h; sourceTree = "<group>"; };
		B60B8D792552FF8600F097D1 /* DUXBetaMapViewRenderer.h */ = {isa = PBXFileReference; fileEncoding = 4; lastKnownFileType = sourcecode.c.h; path = DUXBetaMapViewRenderer.h; sourceTree = "<group>"; };
		B60B8D7A2552FF8600F097D1 /* DUXBetaMapAircraftAnnotationView.m */ = {isa = PBXFileReference; fileEncoding = 4; lastKnownFileType = sourcecode.c.objc; path = DUXBetaMapAircraftAnnotationView.m; sourceTree = "<group>"; };
		B60B8D7B2552FF8600F097D1 /* DUXBetaFlyZoneAnnotationView.m */ = {isa = PBXFileReference; fileEncoding = 4; lastKnownFileType = sourcecode.c.objc; path = DUXBetaFlyZoneAnnotationView.m; sourceTree = "<group>"; };
		B60B8D7C2552FF8600F097D1 /* DUXBetaMapView.m */ = {isa = PBXFileReference; fileEncoding = 4; lastKnownFileType = sourcecode.c.objc; path = DUXBetaMapView.m; sourceTree = "<group>"; };
		B60B8D7D2552FF8600F097D1 /* DUXBetaMapTriangleView.m */ = {isa = PBXFileReference; fileEncoding = 4; lastKnownFileType = sourcecode.c.objc; path = DUXBetaMapTriangleView.m; sourceTree = "<group>"; };
		B60B8D7E2552FF8600F097D1 /* DUXBetaMapViewLegendViewController.h */ = {isa = PBXFileReference; fileEncoding = 4; lastKnownFileType = sourcecode.c.h; path = DUXBetaMapViewLegendViewController.h; sourceTree = "<group>"; };
		B60B8D7F2552FF8600F097D1 /* DUXBetaMapAircraftAnnotationView.h */ = {isa = PBXFileReference; fileEncoding = 4; lastKnownFileType = sourcecode.c.h; path = DUXBetaMapAircraftAnnotationView.h; sourceTree = "<group>"; };
		B60B8D802552FF8600F097D1 /* DUXBetaMapView.h */ = {isa = PBXFileReference; fileEncoding = 4; lastKnownFileType = sourcecode.c.h; path = DUXBetaMapView.h; sourceTree = "<group>"; };
		B60B8D812552FF8600F097D1 /* DUXBetaMapTriangleView.h */ = {isa = PBXFileReference; fileEncoding = 4; lastKnownFileType = sourcecode.c.h; path = DUXBetaMapTriangleView.h; sourceTree = "<group>"; };
		B60B8D822552FF8700F097D1 /* DUXBetaMapHomeAnnotationView.m */ = {isa = PBXFileReference; fileEncoding = 4; lastKnownFileType = sourcecode.c.objc; path = DUXBetaMapHomeAnnotationView.m; sourceTree = "<group>"; };
		B60B8D832552FF8700F097D1 /* DUXBetaFlyZoneAnnotationView.h */ = {isa = PBXFileReference; fileEncoding = 4; lastKnownFileType = sourcecode.c.h; path = DUXBetaFlyZoneAnnotationView.h; sourceTree = "<group>"; };
		B60B8D842552FF8700F097D1 /* DUXBetaMapHomeAnnotationView.h */ = {isa = PBXFileReference; fileEncoding = 4; lastKnownFileType = sourcecode.c.h; path = DUXBetaMapHomeAnnotationView.h; sourceTree = "<group>"; };
		B60B8D852552FF8700F097D1 /* DUXBetaMapViewRenderer.m */ = {isa = PBXFileReference; fileEncoding = 4; lastKnownFileType = sourcecode.c.objc; path = DUXBetaMapViewRenderer.m; sourceTree = "<group>"; };
		B60B8D862552FF8700F097D1 /* DUXBetaMapViewLegendViewController.m */ = {isa = PBXFileReference; fileEncoding = 4; lastKnownFileType = sourcecode.c.objc; path = DUXBetaMapViewLegendViewController.m; sourceTree = "<group>"; };
		B60B8D952552FF9500F097D1 /* DUXBetaOverlayProvider.h */ = {isa = PBXFileReference; fileEncoding = 4; lastKnownFileType = sourcecode.c.h; path = DUXBetaOverlayProvider.h; sourceTree = "<group>"; };
		B60B8D962552FF9500F097D1 /* DUXBetaMapFlyZoneCircleOverlay.m */ = {isa = PBXFileReference; fileEncoding = 4; lastKnownFileType = sourcecode.c.objc; path = DUXBetaMapFlyZoneCircleOverlay.m; sourceTree = "<group>"; };
		B60B8D972552FF9500F097D1 /* DUXBetaMapPolylineOverlay.m */ = {isa = PBXFileReference; fileEncoding = 4; lastKnownFileType = sourcecode.c.objc; path = DUXBetaMapPolylineOverlay.m; sourceTree = "<group>"; };
		B60B8D982552FF9500F097D1 /* DUXBetaMapPolylineOverlay.h */ = {isa = PBXFileReference; fileEncoding = 4; lastKnownFileType = sourcecode.c.h; path = DUXBetaMapPolylineOverlay.h; sourceTree = "<group>"; };
		B60B8D992552FF9600F097D1 /* DUXBetaMapSubFlyZonePolygonOverlay.m */ = {isa = PBXFileReference; fileEncoding = 4; lastKnownFileType = sourcecode.c.objc; path = DUXBetaMapSubFlyZonePolygonOverlay.m; sourceTree = "<group>"; };
		B60B8D9A2552FF9600F097D1 /* DUXBetaOverlayProvider.m */ = {isa = PBXFileReference; fileEncoding = 4; lastKnownFileType = sourcecode.c.objc; path = DUXBetaOverlayProvider.m; sourceTree = "<group>"; };
		B60B8D9B2552FF9600F097D1 /* DUXBetaMapSubFlyZonePolygonOverlay.h */ = {isa = PBXFileReference; fileEncoding = 4; lastKnownFileType = sourcecode.c.h; path = DUXBetaMapSubFlyZonePolygonOverlay.h; sourceTree = "<group>"; };
		B60B8D9C2552FF9600F097D1 /* DUXBetaMapFlyZoneCircleOverlay.h */ = {isa = PBXFileReference; fileEncoding = 4; lastKnownFileType = sourcecode.c.h; path = DUXBetaMapFlyZoneCircleOverlay.h; sourceTree = "<group>"; };
		B6D19D4724ED8ECA00737526 /* UXSDKMap.framework */ = {isa = PBXFileReference; explicitFileType = wrapper.framework; includeInIndex = 0; path = UXSDKMap.framework; sourceTree = BUILT_PRODUCTS_DIR; };
		B6D19D4A24ED8ECA00737526 /* UXSDKMap.h */ = {isa = PBXFileReference; lastKnownFileType = sourcecode.c.h; path = UXSDKMap.h; sourceTree = "<group>"; };
		B6D19D4B24ED8ECA00737526 /* Info.plist */ = {isa = PBXFileReference; lastKnownFileType = text.plist.xml; path = Info.plist; sourceTree = "<group>"; };
		B6D19D5324ED8F9C00737526 /* UXSDKMap.xcassets */ = {isa = PBXFileReference; lastKnownFileType = folder.assetcatalog; path = UXSDKMap.xcassets; sourceTree = "<group>"; };
		B6D19DB124ED8FF300737526 /* UXSDKCore.framework */ = {isa = PBXFileReference; explicitFileType = wrapper.framework; path = UXSDKCore.framework; sourceTree = BUILT_PRODUCTS_DIR; };
		FDE83BE86CB3F745893A3B6B /* Pods_UXSDKMap.framework */ = {isa = PBXFileReference; explicitFileType = wrapper.framework; includeInIndex = 0; path = Pods_UXSDKMap.framework; sourceTree = BUILT_PRODUCTS_DIR; };
/* End PBXFileReference section */

/* Begin PBXFrameworksBuildPhase section */
		B6D19D4424ED8ECA00737526 /* Frameworks */ = {
			isa = PBXFrameworksBuildPhase;
			buildActionMask = 2147483647;
			files = (
				B6D19DB224ED8FF300737526 /* UXSDKCore.framework in Frameworks */,
				BEFBB0D5BF842EC71C060C91 /* Pods_UXSDKMap.framework in Frameworks */,
			);
			runOnlyForDeploymentPostprocessing = 0;
		};
/* End PBXFrameworksBuildPhase section */

/* Begin PBXGroup section */
		9CB6320125C54C480499B06E /* Pods */ = {
			isa = PBXGroup;
			children = (
				06CF3EE34A880F5B62229C05 /* Pods-UXSDKMap.debug.xcconfig */,
				0BB6983E471800B17FAC073D /* Pods-UXSDKMap.release.xcconfig */,
			);
			name = Pods;
			path = ../UXSDKBetaSampleApp/Pods;
			sourceTree = "<group>";
		};
		B6D19D3D24ED8ECA00737526 = {
			isa = PBXGroup;
			children = (
				B6D19D4924ED8ECA00737526 /* UXSDKMap */,
				B6D19D4824ED8ECA00737526 /* Products */,
				B6D19DB024ED8FF300737526 /* Frameworks */,
				9CB6320125C54C480499B06E /* Pods */,
			);
			sourceTree = "<group>";
		};
		B6D19D4824ED8ECA00737526 /* Products */ = {
			isa = PBXGroup;
			children = (
				B6D19D4724ED8ECA00737526 /* UXSDKMap.framework */,
			);
			name = Products;
			sourceTree = "<group>";
		};
		B6D19D4924ED8ECA00737526 /* UXSDKMap */ = {
			isa = PBXGroup;
			children = (
				B6D19E5024ED92D500737526 /* Extension */,
				B6D19D5224ED8F9C00737526 /* Resources */,
				B6D19E5124ED933C00737526 /* Util */,
				B6D19D5424ED8F9C00737526 /* Widget */,
				B6D19D4A24ED8ECA00737526 /* UXSDKMap.h */,
				B6D19D4B24ED8ECA00737526 /* Info.plist */,
			);
			path = UXSDKMap;
			sourceTree = "<group>";
		};
		B6D19D5224ED8F9C00737526 /* Resources */ = {
			isa = PBXGroup;
			children = (
				B6D19D5324ED8F9C00737526 /* UXSDKMap.xcassets */,
			);
			path = Resources;
			sourceTree = "<group>";
		};
		B6D19D5424ED8F9C00737526 /* Widget */ = {
			isa = PBXGroup;
			children = (
				B6D19D5524ED8F9C00737526 /* Map */,
			);
			path = Widget;
			sourceTree = "<group>";
		};
		B6D19D5524ED8F9C00737526 /* Map */ = {
			isa = PBXGroup;
			children = (
				B60B8D6E2552FF7600F097D1 /* DUXBetaFlyZoneDataProvider.h */,
				B60B8D692552FF7500F097D1 /* DUXBetaFlyZoneDataProvider.m */,
				B60B8D682552FF7500F097D1 /* DUXBetaFlyZoneDataProviderModel.h */,
				B60B8D672552FF7500F097D1 /* DUXBetaFlyZoneDataProviderModel.m */,
				B60B8D6A2552FF7500F097D1 /* DUXBetaMapWidget_Protected.h */,
				B60B8D6F2552FF7600F097D1 /* DUXBetaMapWidget.h */,
				B60B8D6B2552FF7500F097D1 /* DUXBetaMapWidget.m */,
				B60B8D6D2552FF7600F097D1 /* DUXBetaMapWidgetModel.h */,
				B60B8D6C2552FF7500F097D1 /* DUXBetaMapWidgetModel.m */,
				B6D19DB624ED904700737526 /* Annotations */,
				B6D19DC324ED904700737526 /* MapViews */,
				B6D19DD824ED904700737526 /* Overlays */,
			);
			path = Map;
			sourceTree = "<group>";
		};
		B6D19DB024ED8FF300737526 /* Frameworks */ = {
			isa = PBXGroup;
			children = (
				B6D19DB124ED8FF300737526 /* UXSDKCore.framework */,
				FDE83BE86CB3F745893A3B6B /* Pods_UXSDKMap.framework */,
			);
			name = Frameworks;
			sourceTree = "<group>";
		};
		B6D19DB624ED904700737526 /* Annotations */ = {
			isa = PBXGroup;
			children = (
				B60B8D502552FF6500F097D1 /* DUXBetaAnnotationProvider.h */,
				B60B8D552552FF6600F097D1 /* DUXBetaAnnotationProvider.m */,
				B60B8D5A2552FF6600F097D1 /* DUXBetaMapAircraftAnnotation.h */,
				B60B8D542552FF6500F097D1 /* DUXBetaMapAircraftAnnotation.m */,
				B60B8D562552FF6600F097D1 /* DUXBetaMapGeoZoneAnnotation.h */,
				B60B8D572552FF6600F097D1 /* DUXBetaMapGeoZoneAnnotation.m */,
				B60B8D4F2552FF6500F097D1 /* DUXBetaMapHomeAnnotation.h */,
				B60B8D512552FF6500F097D1 /* DUXBetaMapHomeAnnotation.m */,
				B60B8D522552FF6500F097D1 /* DUXBetaMapNoFlyZoneAnnotation.h */,
				B60B8D582552FF6600F097D1 /* DUXBetaMapNoFlyZoneAnnotation.m */,
				B60B8D532552FF6500F097D1 /* DUXBetaMapSubFlyZoneAnnotation.h */,
				B60B8D592552FF6600F097D1 /* DUXBetaMapSubFlyZoneAnnotation.m */,
			);
			path = Annotations;
			sourceTree = "<group>";
		};
		B6D19DC324ED904700737526 /* MapViews */ = {
			isa = PBXGroup;
			children = (
				B60B8D832552FF8700F097D1 /* DUXBetaFlyZoneAnnotationView.h */,
				B60B8D7B2552FF8600F097D1 /* DUXBetaFlyZoneAnnotationView.m */,
				B60B8D7F2552FF8600F097D1 /* DUXBetaMapAircraftAnnotationView.h */,
				B60B8D7A2552FF8600F097D1 /* DUXBetaMapAircraftAnnotationView.m */,
				B60B8D842552FF8700F097D1 /* DUXBetaMapHomeAnnotationView.h */,
				B60B8D822552FF8700F097D1 /* DUXBetaMapHomeAnnotationView.m */,
				B60B8D812552FF8600F097D1 /* DUXBetaMapTriangleView.h */,
				B60B8D7D2552FF8600F097D1 /* DUXBetaMapTriangleView.m */,
				B60B8D802552FF8600F097D1 /* DUXBetaMapView.h */,
				B60B8D7C2552FF8600F097D1 /* DUXBetaMapView.m */,
				B60B8D7E2552FF8600F097D1 /* DUXBetaMapViewLegendViewController.h */,
				B60B8D862552FF8700F097D1 /* DUXBetaMapViewLegendViewController.m */,
				B60B8D792552FF8600F097D1 /* DUXBetaMapViewRenderer.h */,
				B60B8D852552FF8700F097D1 /* DUXBetaMapViewRenderer.m */,
			);
			path = MapViews;
			sourceTree = "<group>";
		};
		B6D19DD824ED904700737526 /* Overlays */ = {
			isa = PBXGroup;
			children = (
				B60B8D9C2552FF9600F097D1 /* DUXBetaMapFlyZoneCircleOverlay.h */,
				B60B8D962552FF9500F097D1 /* DUXBetaMapFlyZoneCircleOverlay.m */,
				B60B8D982552FF9500F097D1 /* DUXBetaMapPolylineOverlay.h */,
				B60B8D972552FF9500F097D1 /* DUXBetaMapPolylineOverlay.m */,
				B60B8D9B2552FF9600F097D1 /* DUXBetaMapSubFlyZonePolygonOverlay.h */,
				B60B8D992552FF9600F097D1 /* DUXBetaMapSubFlyZonePolygonOverlay.m */,
				B60B8D952552FF9500F097D1 /* DUXBetaOverlayProvider.h */,
				B60B8D9A2552FF9600F097D1 /* DUXBetaOverlayProvider.m */,
			);
			path = Overlays;
			sourceTree = "<group>";
		};
		B6D19E5024ED92D500737526 /* Extension */ = {
			isa = PBXGroup;
			children = (
				B60B8D452552FF3500F097D1 /* DJIFlyZoneInformation+DUXBetaFlyZoneInformation.h */,
				B60B8D442552FF3500F097D1 /* DJIFlyZoneInformation+DUXBetaFlyZoneInformation.m */,
			);
			path = Extension;
			sourceTree = "<group>";
		};
		B6D19E5124ED933C00737526 /* Util */ = {
			isa = PBXGroup;
			children = (
				B60B8D4B2552FF5200F097D1 /* NSString+DUXBetaStrings.h */,
				B60B8D4A2552FF5200F097D1 /* NSString+DUXBetaStrings.m */,
			);
			path = Util;
			sourceTree = "<group>";
		};
/* End PBXGroup section */

/* Begin PBXHeadersBuildPhase section */
		B6D19D4224ED8ECA00737526 /* Headers */ = {
			isa = PBXHeadersBuildPhase;
			buildActionMask = 2147483647;
			files = (
				B60B8D712552FF7600F097D1 /* DUXBetaFlyZoneDataProviderModel.h in Headers */,
				B60B8DA02552FF9600F097D1 /* DUXBetaMapPolylineOverlay.h in Headers */,
				B6D19D4C24ED8ECA00737526 /* UXSDKMap.h in Headers */,
				B60B8D8D2552FF8700F097D1 /* DUXBetaMapAircraftAnnotationView.h in Headers */,
				B60B8D4D2552FF5200F097D1 /* NSString+DUXBetaStrings.h in Headers */,
				B60B8D5E2552FF6600F097D1 /* DUXBetaMapNoFlyZoneAnnotation.h in Headers */,
				B60B8D782552FF7600F097D1 /* DUXBetaMapWidget.h in Headers */,
				B60B8DA42552FF9600F097D1 /* DUXBetaMapFlyZoneCircleOverlay.h in Headers */,
				B60B8D762552FF7600F097D1 /* DUXBetaMapWidgetModel.h in Headers */,
				B60B8D872552FF8700F097D1 /* DUXBetaMapViewRenderer.h in Headers */,
				B60B8D5F2552FF6600F097D1 /* DUXBetaMapSubFlyZoneAnnotation.h in Headers */,
				B60B8D622552FF6600F097D1 /* DUXBetaMapGeoZoneAnnotation.h in Headers */,
				B60B8D8E2552FF8700F097D1 /* DUXBetaMapView.h in Headers */,
				B60B8D472552FF3500F097D1 /* DJIFlyZoneInformation+DUXBetaFlyZoneInformation.h in Headers */,
				B60B8D9D2552FF9600F097D1 /* DUXBetaOverlayProvider.h in Headers */,
				B60B8D5C2552FF6600F097D1 /* DUXBetaAnnotationProvider.h in Headers */,
				B60B8D912552FF8700F097D1 /* DUXBetaFlyZoneAnnotationView.h in Headers */,
				B60B8DA32552FF9600F097D1 /* DUXBetaMapSubFlyZonePolygonOverlay.h in Headers */,
				B60B8D922552FF8700F097D1 /* DUXBetaMapHomeAnnotationView.h in Headers */,
				B60B8D662552FF6600F097D1 /* DUXBetaMapAircraftAnnotation.h in Headers */,
				B60B8D8C2552FF8700F097D1 /* DUXBetaMapViewLegendViewController.h in Headers */,
				B60B8D772552FF7600F097D1 /* DUXBetaFlyZoneDataProvider.h in Headers */,
				B60B8D732552FF7600F097D1 /* DUXBetaMapWidget_Protected.h in Headers */,
				B60B8D8F2552FF8700F097D1 /* DUXBetaMapTriangleView.h in Headers */,
				B60B8D5B2552FF6600F097D1 /* DUXBetaMapHomeAnnotation.h in Headers */,
			);
			runOnlyForDeploymentPostprocessing = 0;
		};
/* End PBXHeadersBuildPhase section */

/* Begin PBXNativeTarget section */
		B6D19D4624ED8ECA00737526 /* UXSDKMap */ = {
			isa = PBXNativeTarget;
			buildConfigurationList = B6D19D4F24ED8ECA00737526 /* Build configuration list for PBXNativeTarget "UXSDKMap" */;
			buildPhases = (
				B3E6DA4E0AEE5B4E163CA23D /* [CP] Check Pods Manifest.lock */,
				B6D19D4224ED8ECA00737526 /* Headers */,
				B6D19D4324ED8ECA00737526 /* Sources */,
				B6D19D4424ED8ECA00737526 /* Frameworks */,
				B6D19D4524ED8ECA00737526 /* Resources */,
			);
			buildRules = (
			);
			dependencies = (
			);
			name = UXSDKMap;
			productName = UXSDKMap;
			productReference = B6D19D4724ED8ECA00737526 /* UXSDKMap.framework */;
			productType = "com.apple.product-type.framework";
		};
/* End PBXNativeTarget section */

/* Begin PBXProject section */
		B6D19D3E24ED8ECA00737526 /* Project object */ = {
			isa = PBXProject;
			attributes = {
				LastUpgradeCheck = 1160;
				ORGANIZATIONNAME = "Cristina Suciu";
				TargetAttributes = {
					B6D19D4624ED8ECA00737526 = {
						CreatedOnToolsVersion = 11.6;
					};
				};
			};
			buildConfigurationList = B6D19D4124ED8ECA00737526 /* Build configuration list for PBXProject "UXSDKMap" */;
			compatibilityVersion = "Xcode 9.3";
			developmentRegion = en;
			hasScannedForEncodings = 0;
			knownRegions = (
				en,
				Base,
			);
			mainGroup = B6D19D3D24ED8ECA00737526;
			productRefGroup = B6D19D4824ED8ECA00737526 /* Products */;
			projectDirPath = "";
			projectRoot = "";
			targets = (
				B6D19D4624ED8ECA00737526 /* UXSDKMap */,
			);
		};
/* End PBXProject section */

/* Begin PBXResourcesBuildPhase section */
		B6D19D4524ED8ECA00737526 /* Resources */ = {
			isa = PBXResourcesBuildPhase;
			buildActionMask = 2147483647;
			files = (
				B6D19D8424ED8F9C00737526 /* UXSDKMap.xcassets in Resources */,
			);
			runOnlyForDeploymentPostprocessing = 0;
		};
/* End PBXResourcesBuildPhase section */

/* Begin PBXShellScriptBuildPhase section */
		B3E6DA4E0AEE5B4E163CA23D /* [CP] Check Pods Manifest.lock */ = {
			isa = PBXShellScriptBuildPhase;
			buildActionMask = 2147483647;
			files = (
			);
			inputFileListPaths = (
			);
			inputPaths = (
				"${PODS_PODFILE_DIR_PATH}/Podfile.lock",
				"${PODS_ROOT}/Manifest.lock",
			);
			name = "[CP] Check Pods Manifest.lock";
			outputFileListPaths = (
			);
			outputPaths = (
				"$(DERIVED_FILE_DIR)/Pods-UXSDKMap-checkManifestLockResult.txt",
			);
			runOnlyForDeploymentPostprocessing = 0;
			shellPath = /bin/sh;
			shellScript = "diff \"${PODS_PODFILE_DIR_PATH}/Podfile.lock\" \"${PODS_ROOT}/Manifest.lock\" > /dev/null\nif [ $? != 0 ] ; then\n    # print error to STDERR\n    echo \"error: The sandbox is not in sync with the Podfile.lock. Run 'pod install' or update your CocoaPods installation.\" >&2\n    exit 1\nfi\n# This output is used by Xcode 'outputs' to avoid re-running this script phase.\necho \"SUCCESS\" > \"${SCRIPT_OUTPUT_FILE_0}\"\n";
			showEnvVarsInLog = 0;
		};
/* End PBXShellScriptBuildPhase section */

/* Begin PBXSourcesBuildPhase section */
		B6D19D4324ED8ECA00737526 /* Sources */ = {
			isa = PBXSourcesBuildPhase;
			buildActionMask = 2147483647;
			files = (
				B60B8D722552FF7600F097D1 /* DUXBetaFlyZoneDataProvider.m in Sources */,
				B60B8D942552FF8700F097D1 /* DUXBetaMapViewLegendViewController.m in Sources */,
				B60B8D9F2552FF9600F097D1 /* DUXBetaMapPolylineOverlay.m in Sources */,
				B60B8D9E2552FF9600F097D1 /* DUXBetaMapFlyZoneCircleOverlay.m in Sources */,
				B60B8D892552FF8700F097D1 /* DUXBetaFlyZoneAnnotationView.m in Sources */,
				B60B8DA12552FF9600F097D1 /* DUXBetaMapSubFlyZonePolygonOverlay.m in Sources */,
				B60B8D602552FF6600F097D1 /* DUXBetaMapAircraftAnnotation.m in Sources */,
				B60B8DA22552FF9600F097D1 /* DUXBetaOverlayProvider.m in Sources */,
				B60B8D632552FF6600F097D1 /* DUXBetaMapGeoZoneAnnotation.m in Sources */,
				B60B8D462552FF3500F097D1 /* DJIFlyZoneInformation+DUXBetaFlyZoneInformation.m in Sources */,
				B60B8D612552FF6600F097D1 /* DUXBetaAnnotationProvider.m in Sources */,
				B60B8D702552FF7600F097D1 /* DUXBetaFlyZoneDataProviderModel.m in Sources */,
				B60B8D882552FF8700F097D1 /* DUXBetaMapAircraftAnnotationView.m in Sources */,
				B60B8D742552FF7600F097D1 /* DUXBetaMapWidget.m in Sources */,
				B60B8D8A2552FF8700F097D1 /* DUXBetaMapView.m in Sources */,
				B60B8D4C2552FF5200F097D1 /* NSString+DUXBetaStrings.m in Sources */,
				B60B8D652552FF6600F097D1 /* DUXBetaMapSubFlyZoneAnnotation.m in Sources */,
				B60B8D5D2552FF6600F097D1 /* DUXBetaMapHomeAnnotation.m in Sources */,
				B60B8D642552FF6600F097D1 /* DUXBetaMapNoFlyZoneAnnotation.m in Sources */,
				B60B8D752552FF7600F097D1 /* DUXBetaMapWidgetModel.m in Sources */,
				B60B8D902552FF8700F097D1 /* DUXBetaMapHomeAnnotationView.m in Sources */,
				B60B8D932552FF8700F097D1 /* DUXBetaMapViewRenderer.m in Sources */,
				B60B8D8B2552FF8700F097D1 /* DUXBetaMapTriangleView.m in Sources */,
			);
			runOnlyForDeploymentPostprocessing = 0;
		};
/* End PBXSourcesBuildPhase section */

/* Begin XCBuildConfiguration section */
		B6D19D4D24ED8ECA00737526 /* Debug */ = {
			isa = XCBuildConfiguration;
			buildSettings = {
				ALWAYS_SEARCH_USER_PATHS = NO;
				CLANG_ANALYZER_NONNULL = YES;
				CLANG_ANALYZER_NUMBER_OBJECT_CONVERSION = YES_AGGRESSIVE;
				CLANG_CXX_LANGUAGE_STANDARD = "gnu++14";
				CLANG_CXX_LIBRARY = "libc++";
				CLANG_ENABLE_MODULES = YES;
				CLANG_ENABLE_OBJC_ARC = YES;
				CLANG_ENABLE_OBJC_WEAK = YES;
				CLANG_WARN_BLOCK_CAPTURE_AUTORELEASING = YES;
				CLANG_WARN_BOOL_CONVERSION = YES;
				CLANG_WARN_COMMA = YES;
				CLANG_WARN_CONSTANT_CONVERSION = YES;
				CLANG_WARN_DEPRECATED_OBJC_IMPLEMENTATIONS = YES;
				CLANG_WARN_DIRECT_OBJC_ISA_USAGE = YES_ERROR;
				CLANG_WARN_DOCUMENTATION_COMMENTS = YES;
				CLANG_WARN_EMPTY_BODY = YES;
				CLANG_WARN_ENUM_CONVERSION = YES;
				CLANG_WARN_INFINITE_RECURSION = YES;
				CLANG_WARN_INT_CONVERSION = YES;
				CLANG_WARN_NON_LITERAL_NULL_CONVERSION = YES;
				CLANG_WARN_OBJC_IMPLICIT_RETAIN_SELF = YES;
				CLANG_WARN_OBJC_LITERAL_CONVERSION = YES;
				CLANG_WARN_OBJC_ROOT_CLASS = YES_ERROR;
				CLANG_WARN_RANGE_LOOP_ANALYSIS = YES;
				CLANG_WARN_STRICT_PROTOTYPES = YES;
				CLANG_WARN_SUSPICIOUS_MOVE = YES;
				CLANG_WARN_UNGUARDED_AVAILABILITY = YES_AGGRESSIVE;
				CLANG_WARN_UNREACHABLE_CODE = YES;
				CLANG_WARN__DUPLICATE_METHOD_MATCH = YES;
				COPY_PHASE_STRIP = NO;
				CURRENT_PROJECT_VERSION = 1;
				DEBUG_INFORMATION_FORMAT = dwarf;
				ENABLE_STRICT_OBJC_MSGSEND = YES;
				ENABLE_TESTABILITY = YES;
				EXCLUDED_ARCHS = armv7;
				GCC_C_LANGUAGE_STANDARD = gnu11;
				GCC_DYNAMIC_NO_PIC = NO;
				GCC_NO_COMMON_BLOCKS = YES;
				GCC_OPTIMIZATION_LEVEL = 0;
				GCC_PREPROCESSOR_DEFINITIONS = (
					"DEBUG=1",
					"$(inherited)",
				);
				GCC_WARN_64_TO_32_BIT_CONVERSION = YES;
				GCC_WARN_ABOUT_RETURN_TYPE = YES_ERROR;
				GCC_WARN_UNDECLARED_SELECTOR = YES;
				GCC_WARN_UNINITIALIZED_AUTOS = YES_AGGRESSIVE;
				GCC_WARN_UNUSED_FUNCTION = YES;
				GCC_WARN_UNUSED_VARIABLE = YES;
				IPHONEOS_DEPLOYMENT_TARGET = 13.6;
				MTL_ENABLE_DEBUG_INFO = INCLUDE_SOURCE;
				MTL_FAST_MATH = YES;
				ONLY_ACTIVE_ARCH = YES;
				SDKROOT = iphoneos;
				VERSIONING_SYSTEM = "apple-generic";
				VERSION_INFO_PREFIX = "";
			};
			name = Debug;
		};
		B6D19D4E24ED8ECA00737526 /* Release */ = {
			isa = XCBuildConfiguration;
			buildSettings = {
				ALWAYS_SEARCH_USER_PATHS = NO;
				CLANG_ANALYZER_NONNULL = YES;
				CLANG_ANALYZER_NUMBER_OBJECT_CONVERSION = YES_AGGRESSIVE;
				CLANG_CXX_LANGUAGE_STANDARD = "gnu++14";
				CLANG_CXX_LIBRARY = "libc++";
				CLANG_ENABLE_MODULES = YES;
				CLANG_ENABLE_OBJC_ARC = YES;
				CLANG_ENABLE_OBJC_WEAK = YES;
				CLANG_WARN_BLOCK_CAPTURE_AUTORELEASING = YES;
				CLANG_WARN_BOOL_CONVERSION = YES;
				CLANG_WARN_COMMA = YES;
				CLANG_WARN_CONSTANT_CONVERSION = YES;
				CLANG_WARN_DEPRECATED_OBJC_IMPLEMENTATIONS = YES;
				CLANG_WARN_DIRECT_OBJC_ISA_USAGE = YES_ERROR;
				CLANG_WARN_DOCUMENTATION_COMMENTS = YES;
				CLANG_WARN_EMPTY_BODY = YES;
				CLANG_WARN_ENUM_CONVERSION = YES;
				CLANG_WARN_INFINITE_RECURSION = YES;
				CLANG_WARN_INT_CONVERSION = YES;
				CLANG_WARN_NON_LITERAL_NULL_CONVERSION = YES;
				CLANG_WARN_OBJC_IMPLICIT_RETAIN_SELF = YES;
				CLANG_WARN_OBJC_LITERAL_CONVERSION = YES;
				CLANG_WARN_OBJC_ROOT_CLASS = YES_ERROR;
				CLANG_WARN_RANGE_LOOP_ANALYSIS = YES;
				CLANG_WARN_STRICT_PROTOTYPES = YES;
				CLANG_WARN_SUSPICIOUS_MOVE = YES;
				CLANG_WARN_UNGUARDED_AVAILABILITY = YES_AGGRESSIVE;
				CLANG_WARN_UNREACHABLE_CODE = YES;
				CLANG_WARN__DUPLICATE_METHOD_MATCH = YES;
				COPY_PHASE_STRIP = NO;
				CURRENT_PROJECT_VERSION = 1;
				DEBUG_INFORMATION_FORMAT = "dwarf-with-dsym";
				ENABLE_NS_ASSERTIONS = NO;
				ENABLE_STRICT_OBJC_MSGSEND = YES;
				EXCLUDED_ARCHS = armv7;
				GCC_C_LANGUAGE_STANDARD = gnu11;
				GCC_NO_COMMON_BLOCKS = YES;
				GCC_WARN_64_TO_32_BIT_CONVERSION = YES;
				GCC_WARN_ABOUT_RETURN_TYPE = YES_ERROR;
				GCC_WARN_UNDECLARED_SELECTOR = YES;
				GCC_WARN_UNINITIALIZED_AUTOS = YES_AGGRESSIVE;
				GCC_WARN_UNUSED_FUNCTION = YES;
				GCC_WARN_UNUSED_VARIABLE = YES;
				IPHONEOS_DEPLOYMENT_TARGET = 13.6;
				MTL_ENABLE_DEBUG_INFO = NO;
				MTL_FAST_MATH = YES;
				SDKROOT = iphoneos;
				VALIDATE_PRODUCT = YES;
				VERSIONING_SYSTEM = "apple-generic";
				VERSION_INFO_PREFIX = "";
			};
			name = Release;
		};
		B6D19D5024ED8ECA00737526 /* Debug */ = {
			isa = XCBuildConfiguration;
			baseConfigurationReference = 06CF3EE34A880F5B62229C05 /* Pods-UXSDKMap.debug.xcconfig */;
			buildSettings = {
				CODE_SIGN_STYLE = Manual;
				DEFINES_MODULE = YES;
				DEVELOPMENT_TEAM = "";
				DYLIB_COMPATIBILITY_VERSION = 1;
				DYLIB_CURRENT_VERSION = 1;
				DYLIB_INSTALL_NAME_BASE = "@rpath";
				ENABLE_BITCODE = NO;
				INFOPLIST_FILE = UXSDKMap/Info.plist;
				INSTALL_PATH = "$(LOCAL_LIBRARY_DIR)/Frameworks";
				IPHONEOS_DEPLOYMENT_TARGET = 11.0;
				LD_RUNPATH_SEARCH_PATHS = (
					"$(inherited)",
					"@executable_path/Frameworks",
					"@loader_path/Frameworks",
				);
				PRODUCT_BUNDLE_IDENTIFIER = com.dji.UXSDK.UXSDKMap;
				PRODUCT_NAME = "$(TARGET_NAME:c99extidentifier)";
				PROVISIONING_PROFILE_SPECIFIER = "";
				"PROVISIONING_PROFILE_SPECIFIER[sdk=macosx*]" = "";
				SKIP_INSTALL = YES;
				TARGETED_DEVICE_FAMILY = "1,2";
			};
			name = Debug;
		};
		B6D19D5124ED8ECA00737526 /* Release */ = {
			isa = XCBuildConfiguration;
			baseConfigurationReference = 0BB6983E471800B17FAC073D /* Pods-UXSDKMap.release.xcconfig */;
			buildSettings = {
				CODE_SIGN_STYLE = Manual;
				DEFINES_MODULE = YES;
				DEVELOPMENT_TEAM = "";
				DYLIB_COMPATIBILITY_VERSION = 1;
				DYLIB_CURRENT_VERSION = 1;
				DYLIB_INSTALL_NAME_BASE = "@rpath";
				ENABLE_BITCODE = YES;
				INFOPLIST_FILE = UXSDKMap/Info.plist;
				INSTALL_PATH = "$(LOCAL_LIBRARY_DIR)/Frameworks";
				IPHONEOS_DEPLOYMENT_TARGET = 11.0;
				LD_RUNPATH_SEARCH_PATHS = (
					"$(inherited)",
					"@executable_path/Frameworks",
					"@loader_path/Frameworks",
				);
				PRODUCT_BUNDLE_IDENTIFIER = com.dji.UXSDK.UXSDKMap;
				PRODUCT_NAME = "$(TARGET_NAME:c99extidentifier)";
				PROVISIONING_PROFILE_SPECIFIER = "";
				"PROVISIONING_PROFILE_SPECIFIER[sdk=macosx*]" = "";
				SKIP_INSTALL = YES;
				TARGETED_DEVICE_FAMILY = "1,2";
			};
			name = Release;
		};
/* End XCBuildConfiguration section */

/* Begin XCConfigurationList section */
		B6D19D4124ED8ECA00737526 /* Build configuration list for PBXProject "UXSDKMap" */ = {
			isa = XCConfigurationList;
			buildConfigurations = (
				B6D19D4D24ED8ECA00737526 /* Debug */,
				B6D19D4E24ED8ECA00737526 /* Release */,
			);
			defaultConfigurationIsVisible = 0;
			defaultConfigurationName = Release;
		};
		B6D19D4F24ED8ECA00737526 /* Build configuration list for PBXNativeTarget "UXSDKMap" */ = {
			isa = XCConfigurationList;
			buildConfigurations = (
				B6D19D5024ED8ECA00737526 /* Debug */,
				B6D19D5124ED8ECA00737526 /* Release */,
			);
			defaultConfigurationIsVisible = 0;
			defaultConfigurationName = Release;
		};
/* End XCConfigurationList section */
	};
	rootObject = B6D19D3E24ED8ECA00737526 /* Project object */;
}
